// !$*UTF8*$!
{
	archiveVersion = 1;
	classes = {
	};
	objectVersion = 50;
	objects = {

/* Begin PBXBuildFile section */
		393513DFAAB97B651BF84544 /* Pods_Shimmer.framework in Frameworks */ = {isa = PBXBuildFile; fileRef = F718FFC7B8A85F58C9047564 /* Pods_Shimmer.framework */; };
		BD980676231EA1C4003A2C86 /* AppDelegate.swift in Sources */ = {isa = PBXBuildFile; fileRef = BD980675231EA1C4003A2C86 /* AppDelegate.swift */; };
		BD980678231EA1C4003A2C86 /* ViewController.swift in Sources */ = {isa = PBXBuildFile; fileRef = BD980677231EA1C4003A2C86 /* ViewController.swift */; };
		BD98067B231EA1C4003A2C86 /* Main.storyboard in Resources */ = {isa = PBXBuildFile; fileRef = BD980679231EA1C4003A2C86 /* Main.storyboard */; };
		BD98067E231EA1C4003A2C86 /* Shimmer.xcdatamodeld in Sources */ = {isa = PBXBuildFile; fileRef = BD98067C231EA1C4003A2C86 /* Shimmer.xcdatamodeld */; };
		BD980680231EA1C5003A2C86 /* Assets.xcassets in Resources */ = {isa = PBXBuildFile; fileRef = BD98067F231EA1C5003A2C86 /* Assets.xcassets */; };
		BD980683231EA1C5003A2C86 /* LaunchScreen.storyboard in Resources */ = {isa = PBXBuildFile; fileRef = BD980681231EA1C5003A2C86 /* LaunchScreen.storyboard */; };
		BD98068B231EA449003A2C86 /* ShimmerCell.swift in Sources */ = {isa = PBXBuildFile; fileRef = BD98068A231EA449003A2C86 /* ShimmerCell.swift */; };
		BD98068D231EA471003A2C86 /* NibForName.swift in Sources */ = {isa = PBXBuildFile; fileRef = BD98068C231EA471003A2C86 /* NibForName.swift */; };
		BD98068F231EA499003A2C86 /* ShimmerCell.xib in Resources */ = {isa = PBXBuildFile; fileRef = BD98068E231EA499003A2C86 /* ShimmerCell.xib */; };
		BDEE63EE231EAE3F005E8819 /* ImageLoader.swift in Sources */ = {isa = PBXBuildFile; fileRef = BDEE63ED231EAE3F005E8819 /* ImageLoader.swift */; };
/* End PBXBuildFile section */

/* Begin PBXFileReference section */
		4B0A66B9E74F7655BD4AE5C9 /* Pods-Shimmer.release.xcconfig */ = {isa = PBXFileReference; includeInIndex = 1; lastKnownFileType = text.xcconfig; name = "Pods-Shimmer.release.xcconfig"; path = "Target Support Files/Pods-Shimmer/Pods-Shimmer.release.xcconfig"; sourceTree = "<group>"; };
		A42B647E49BF29125DB7D695 /* Pods-Shimmer.debug.xcconfig */ = {isa = PBXFileReference; includeInIndex = 1; lastKnownFileType = text.xcconfig; name = "Pods-Shimmer.debug.xcconfig"; path = "Target Support Files/Pods-Shimmer/Pods-Shimmer.debug.xcconfig"; sourceTree = "<group>"; };
		BD980672231EA1C4003A2C86 /* Shimmer.app */ = {isa = PBXFileReference; explicitFileType = wrapper.application; includeInIndex = 0; path = Shimmer.app; sourceTree = BUILT_PRODUCTS_DIR; };
		BD980675231EA1C4003A2C86 /* AppDelegate.swift */ = {isa = PBXFileReference; lastKnownFileType = sourcecode.swift; path = AppDelegate.swift; sourceTree = "<group>"; };
		BD980677231EA1C4003A2C86 /* ViewController.swift */ = {isa = PBXFileReference; lastKnownFileType = sourcecode.swift; path = ViewController.swift; sourceTree = "<group>"; };
		BD98067A231EA1C4003A2C86 /* Base */ = {isa = PBXFileReference; lastKnownFileType = file.storyboard; name = Base; path = Base.lproj/Main.storyboard; sourceTree = "<group>"; };
		BD98067D231EA1C4003A2C86 /* Shimmer.xcdatamodel */ = {isa = PBXFileReference; lastKnownFileType = wrapper.xcdatamodel; path = Shimmer.xcdatamodel; sourceTree = "<group>"; };
		BD98067F231EA1C5003A2C86 /* Assets.xcassets */ = {isa = PBXFileReference; lastKnownFileType = folder.assetcatalog; path = Assets.xcassets; sourceTree = "<group>"; };
		BD980682231EA1C5003A2C86 /* Base */ = {isa = PBXFileReference; lastKnownFileType = file.storyboard; name = Base; path = Base.lproj/LaunchScreen.storyboard; sourceTree = "<group>"; };
		BD980684231EA1C5003A2C86 /* Info.plist */ = {isa = PBXFileReference; lastKnownFileType = text.plist.xml; path = Info.plist; sourceTree = "<group>"; };
		BD98068A231EA449003A2C86 /* ShimmerCell.swift */ = {isa = PBXFileReference; lastKnownFileType = sourcecode.swift; path = ShimmerCell.swift; sourceTree = "<group>"; };
		BD98068C231EA471003A2C86 /* NibForName.swift */ = {isa = PBXFileReference; lastKnownFileType = sourcecode.swift; path = NibForName.swift; sourceTree = "<group>"; };
		BD98068E231EA499003A2C86 /* ShimmerCell.xib */ = {isa = PBXFileReference; lastKnownFileType = file.xib; path = ShimmerCell.xib; sourceTree = "<group>"; };
		BDEE63ED231EAE3F005E8819 /* ImageLoader.swift */ = {isa = PBXFileReference; lastKnownFileType = sourcecode.swift; path = ImageLoader.swift; sourceTree = "<group>"; };
		F718FFC7B8A85F58C9047564 /* Pods_Shimmer.framework */ = {isa = PBXFileReference; explicitFileType = wrapper.framework; includeInIndex = 0; path = Pods_Shimmer.framework; sourceTree = BUILT_PRODUCTS_DIR; };
/* End PBXFileReference section */

/* Begin PBXFrameworksBuildPhase section */
		BD98066F231EA1C4003A2C86 /* Frameworks */ = {
			isa = PBXFrameworksBuildPhase;
			buildActionMask = 2147483647;
			files = (
				393513DFAAB97B651BF84544 /* Pods_Shimmer.framework in Frameworks */,
			);
			runOnlyForDeploymentPostprocessing = 0;
		};
/* End PBXFrameworksBuildPhase section */

/* Begin PBXGroup section */
		5920A0D1A6DA29E1D69F4C93 /* Pods */ = {
			isa = PBXGroup;
			children = (
				A42B647E49BF29125DB7D695 /* Pods-Shimmer.debug.xcconfig */,
				4B0A66B9E74F7655BD4AE5C9 /* Pods-Shimmer.release.xcconfig */,
			);
			name = Pods;
			path = Pods;
			sourceTree = "<group>";
		};
		9B018BAD5569A1EDEBFB65E0 /* Frameworks */ = {
			isa = PBXGroup;
			children = (
				F718FFC7B8A85F58C9047564 /* Pods_Shimmer.framework */,
			);
			name = Frameworks;
			sourceTree = "<group>";
		};
		BD980669231EA1C4003A2C86 = {
			isa = PBXGroup;
			children = (
				BD980674231EA1C4003A2C86 /* Shimmer */,
				BD980673231EA1C4003A2C86 /* Products */,
				5920A0D1A6DA29E1D69F4C93 /* Pods */,
				9B018BAD5569A1EDEBFB65E0 /* Frameworks */,
			);
			sourceTree = "<group>";
		};
		BD980673231EA1C4003A2C86 /* Products */ = {
			isa = PBXGroup;
			children = (
				BD980672231EA1C4003A2C86 /* Shimmer.app */,
			);
			name = Products;
			sourceTree = "<group>";
		};
		BD980674231EA1C4003A2C86 /* Shimmer */ = {
			isa = PBXGroup;
			children = (
				BD980675231EA1C4003A2C86 /* AppDelegate.swift */,
				BD980677231EA1C4003A2C86 /* ViewController.swift */,
				BD980679231EA1C4003A2C86 /* Main.storyboard */,
				BD98067F231EA1C5003A2C86 /* Assets.xcassets */,
				BD980681231EA1C5003A2C86 /* LaunchScreen.storyboard */,
				BD980684231EA1C5003A2C86 /* Info.plist */,
				BD98067C231EA1C4003A2C86 /* Shimmer.xcdatamodeld */,
				BD98068E231EA499003A2C86 /* ShimmerCell.xib */,
				BD98068A231EA449003A2C86 /* ShimmerCell.swift */,
				BD98068C231EA471003A2C86 /* NibForName.swift */,
				BDEE63ED231EAE3F005E8819 /* ImageLoader.swift */,
			);
			path = Shimmer;
			sourceTree = "<group>";
		};
/* End PBXGroup section */

/* Begin PBXNativeTarget section */
		BD980671231EA1C4003A2C86 /* Shimmer */ = {
			isa = PBXNativeTarget;
			buildConfigurationList = BD980687231EA1C5003A2C86 /* Build configuration list for PBXNativeTarget "Shimmer" */;
			buildPhases = (
				1A18D5ECADCAAD68B5A52F8B /* [CP] Check Pods Manifest.lock */,
				BD98066E231EA1C4003A2C86 /* Sources */,
				BD98066F231EA1C4003A2C86 /* Frameworks */,
				BD980670231EA1C4003A2C86 /* Resources */,
				41DC392628ED7319012B85D0 /* [CP] Embed Pods Frameworks */,
			);
			buildRules = (
			);
			dependencies = (
			);
			name = Shimmer;
			productName = Shimmer;
			productReference = BD980672231EA1C4003A2C86 /* Shimmer.app */;
			productType = "com.apple.product-type.application";
		};
/* End PBXNativeTarget section */

/* Begin PBXProject section */
		BD98066A231EA1C4003A2C86 /* Project object */ = {
			isa = PBXProject;
			attributes = {
				LastSwiftUpdateCheck = 1030;
				LastUpgradeCheck = 1030;
				ORGANIZATIONNAME = hucet;
				TargetAttributes = {
					BD980671231EA1C4003A2C86 = {
						CreatedOnToolsVersion = 10.3;
					};
				};
			};
			buildConfigurationList = BD98066D231EA1C4003A2C86 /* Build configuration list for PBXProject "Shimmer" */;
			compatibilityVersion = "Xcode 9.3";
			developmentRegion = en;
			hasScannedForEncodings = 0;
			knownRegions = (
				en,
				Base,
			);
			mainGroup = BD980669231EA1C4003A2C86;
			productRefGroup = BD980673231EA1C4003A2C86 /* Products */;
			projectDirPath = "";
			projectRoot = "";
			targets = (
				BD980671231EA1C4003A2C86 /* Shimmer */,
			);
		};
/* End PBXProject section */

/* Begin PBXResourcesBuildPhase section */
		BD980670231EA1C4003A2C86 /* Resources */ = {
			isa = PBXResourcesBuildPhase;
			buildActionMask = 2147483647;
			files = (
				BD98068F231EA499003A2C86 /* ShimmerCell.xib in Resources */,
				BD980683231EA1C5003A2C86 /* LaunchScreen.storyboard in Resources */,
				BD980680231EA1C5003A2C86 /* Assets.xcassets in Resources */,
				BD98067B231EA1C4003A2C86 /* Main.storyboard in Resources */,
			);
			runOnlyForDeploymentPostprocessing = 0;
		};
/* End PBXResourcesBuildPhase section */

/* Begin PBXShellScriptBuildPhase section */
		1A18D5ECADCAAD68B5A52F8B /* [CP] Check Pods Manifest.lock */ = {
			isa = PBXShellScriptBuildPhase;
			buildActionMask = 2147483647;
			files = (
			);
			inputFileListPaths = (
			);
			inputPaths = (
				"${PODS_PODFILE_DIR_PATH}/Podfile.lock",
				"${PODS_ROOT}/Manifest.lock",
			);
			name = "[CP] Check Pods Manifest.lock";
			outputFileListPaths = (
			);
			outputPaths = (
				"$(DERIVED_FILE_DIR)/Pods-Shimmer-checkManifestLockResult.txt",
			);
			runOnlyForDeploymentPostprocessing = 0;
			shellPath = /bin/sh;
			shellScript = "diff \"${PODS_PODFILE_DIR_PATH}/Podfile.lock\" \"${PODS_ROOT}/Manifest.lock\" > /dev/null\nif [ $? != 0 ] ; then\n    # print error to STDERR\n    echo \"error: The sandbox is not in sync with the Podfile.lock. Run 'pod install' or update your CocoaPods installation.\" >&2\n    exit 1\nfi\n# This output is used by Xcode 'outputs' to avoid re-running this script phase.\necho \"SUCCESS\" > \"${SCRIPT_OUTPUT_FILE_0}\"\n";
			showEnvVarsInLog = 0;
		};
		41DC392628ED7319012B85D0 /* [CP] Embed Pods Frameworks */ = {
			isa = PBXShellScriptBuildPhase;
			buildActionMask = 2147483647;
			files = (
			);
			inputFileListPaths = (
			);
			inputPaths = (
				"${PODS_ROOT}/Target Support Files/Pods-Shimmer/Pods-Shimmer-frameworks.sh",
				"${BUILT_PRODUCTS_DIR}/Kingfisher/Kingfisher.framework",
				"${BUILT_PRODUCTS_DIR}/ShimmerSwift/ShimmerSwift.framework",
			);
			name = "[CP] Embed Pods Frameworks";
			outputFileListPaths = (
			);
			outputPaths = (
				"${TARGET_BUILD_DIR}/${FRAMEWORKS_FOLDER_PATH}/Kingfisher.framework",
				"${TARGET_BUILD_DIR}/${FRAMEWORKS_FOLDER_PATH}/ShimmerSwift.framework",
			);
			runOnlyForDeploymentPostprocessing = 0;
			shellPath = /bin/sh;
			shellScript = "\"${PODS_ROOT}/Target Support Files/Pods-Shimmer/Pods-Shimmer-frameworks.sh\"\n";
			showEnvVarsInLog = 0;
		};
/* End PBXShellScriptBuildPhase section */

/* Begin PBXSourcesBuildPhase section */
		BD98066E231EA1C4003A2C86 /* Sources */ = {
			isa = PBXSourcesBuildPhase;
			buildActionMask = 2147483647;
			files = (
				BD98068B231EA449003A2C86 /* ShimmerCell.swift in Sources */,
				BD980678231EA1C4003A2C86 /* ViewController.swift in Sources */,
				BDEE63EE231EAE3F005E8819 /* ImageLoader.swift in Sources */,
				BD98068D231EA471003A2C86 /* NibForName.swift in Sources */,
				BD98067E231EA1C4003A2C86 /* Shimmer.xcdatamodeld in Sources */,
				BD980676231EA1C4003A2C86 /* AppDelegate.swift in Sources */,
			);
			runOnlyForDeploymentPostprocessing = 0;
		};
/* End PBXSourcesBuildPhase section */

/* Begin PBXVariantGroup section */
		BD980679231EA1C4003A2C86 /* Main.storyboard */ = {
			isa = PBXVariantGroup;
			children = (
				BD98067A231EA1C4003A2C86 /* Base */,
			);
			name = Main.storyboard;
			sourceTree = "<group>";
		};
		BD980681231EA1C5003A2C86 /* LaunchScreen.storyboard */ = {
			isa = PBXVariantGroup;
			children = (
				BD980682231EA1C5003A2C86 /* Base */,
			);
			name = LaunchScreen.storyboard;
			sourceTree = "<group>";
		};
/* End PBXVariantGroup section */

/* Begin XCBuildConfiguration section */
		BD980685231EA1C5003A2C86 /* Debug */ = {
			isa = XCBuildConfiguration;
			buildSettings = {
				ALWAYS_SEARCH_USER_PATHS = NO;
				CLANG_ANALYZER_NONNULL = YES;
				CLANG_ANALYZER_NUMBER_OBJECT_CONVERSION = YES_AGGRESSIVE;
				CLANG_CXX_LANGUAGE_STANDARD = "gnu++14";
				CLANG_CXX_LIBRARY = "libc++";
				CLANG_ENABLE_MODULES = YES;
				CLANG_ENABLE_OBJC_ARC = YES;
				CLANG_ENABLE_OBJC_WEAK = YES;
				CLANG_WARN_BLOCK_CAPTURE_AUTORELEASING = YES;
				CLANG_WARN_BOOL_CONVERSION = YES;
				CLANG_WARN_COMMA = YES;
				CLANG_WARN_CONSTANT_CONVERSION = YES;
				CLANG_WARN_DEPRECATED_OBJC_IMPLEMENTATIONS = YES;
				CLANG_WARN_DIRECT_OBJC_ISA_USAGE = YES_ERROR;
				CLANG_WARN_DOCUMENTATION_COMMENTS = YES;
				CLANG_WARN_EMPTY_BODY = YES;
				CLANG_WARN_ENUM_CONVERSION = YES;
				CLANG_WARN_INFINITE_RECURSION = YES;
				CLANG_WARN_INT_CONVERSION = YES;
				CLANG_WARN_NON_LITERAL_NULL_CONVERSION = YES;
				CLANG_WARN_OBJC_IMPLICIT_RETAIN_SELF = YES;
				CLANG_WARN_OBJC_LITERAL_CONVERSION = YES;
				CLANG_WARN_OBJC_ROOT_CLASS = YES_ERROR;
				CLANG_WARN_RANGE_LOOP_ANALYSIS = YES;
				CLANG_WARN_STRICT_PROTOTYPES = YES;
				CLANG_WARN_SUSPICIOUS_MOVE = YES;
				CLANG_WARN_UNGUARDED_AVAILABILITY = YES_AGGRESSIVE;
				CLANG_WARN_UNREACHABLE_CODE = YES;
				CLANG_WARN__DUPLICATE_METHOD_MATCH = YES;
				CODE_SIGN_IDENTITY = "iPhone Developer";
				COPY_PHASE_STRIP = NO;
				DEBUG_INFORMATION_FORMAT = dwarf;
				ENABLE_STRICT_OBJC_MSGSEND = YES;
				ENABLE_TESTABILITY = YES;
				GCC_C_LANGUAGE_STANDARD = gnu11;
				GCC_DYNAMIC_NO_PIC = NO;
				GCC_NO_COMMON_BLOCKS = YES;
				GCC_OPTIMIZATION_LEVEL = 0;
				GCC_PREPROCESSOR_DEFINITIONS = (
					"DEBUG=1",
					"$(inherited)",
				);
				GCC_WARN_64_TO_32_BIT_CONVERSION = YES;
				GCC_WARN_ABOUT_RETURN_TYPE = YES_ERROR;
				GCC_WARN_UNDECLARED_SELECTOR = YES;
				GCC_WARN_UNINITIALIZED_AUTOS = YES_AGGRESSIVE;
				GCC_WARN_UNUSED_FUNCTION = YES;
				GCC_WARN_UNUSED_VARIABLE = YES;
				IPHONEOS_DEPLOYMENT_TARGET = 12.4;
				MTL_ENABLE_DEBUG_INFO = INCLUDE_SOURCE;
				MTL_FAST_MATH = YES;
				ONLY_ACTIVE_ARCH = YES;
				SDKROOT = iphoneos;
				SWIFT_ACTIVE_COMPILATION_CONDITIONS = DEBUG;
				SWIFT_OPTIMIZATION_LEVEL = "-Onone";
			};
			name = Debug;
		};
		BD980686231EA1C5003A2C86 /* Release */ = {
			isa = XCBuildConfiguration;
			buildSettings = {
				ALWAYS_SEARCH_USER_PATHS = NO;
				CLANG_ANALYZER_NONNULL = YES;
				CLANG_ANALYZER_NUMBER_OBJECT_CONVERSION = YES_AGGRESSIVE;
				CLANG_CXX_LANGUAGE_STANDARD = "gnu++14";
				CLANG_CXX_LIBRARY = "libc++";
				CLANG_ENABLE_MODULES = YES;
				CLANG_ENABLE_OBJC_ARC = YES;
				CLANG_ENABLE_OBJC_WEAK = YES;
				CLANG_WARN_BLOCK_CAPTURE_AUTORELEASING = YES;
				CLANG_WARN_BOOL_CONVERSION = YES;
				CLANG_WARN_COMMA = YES;
				CLANG_WARN_CONSTANT_CONVERSION = YES;
				CLANG_WARN_DEPRECATED_OBJC_IMPLEMENTATIONS = YES;
				CLANG_WARN_DIRECT_OBJC_ISA_USAGE = YES_ERROR;
				CLANG_WARN_DOCUMENTATION_COMMENTS = YES;
				CLANG_WARN_EMPTY_BODY = YES;
				CLANG_WARN_ENUM_CONVERSION = YES;
				CLANG_WARN_INFINITE_RECURSION = YES;
				CLANG_WARN_INT_CONVERSION = YES;
				CLANG_WARN_NON_LITERAL_NULL_CONVERSION = YES;
				CLANG_WARN_OBJC_IMPLICIT_RETAIN_SELF = YES;
				CLANG_WARN_OBJC_LITERAL_CONVERSION = YES;
				CLANG_WARN_OBJC_ROOT_CLASS = YES_ERROR;
				CLANG_WARN_RANGE_LOOP_ANALYSIS = YES;
				CLANG_WARN_STRICT_PROTOTYPES = YES;
				CLANG_WARN_SUSPICIOUS_MOVE = YES;
				CLANG_WARN_UNGUARDED_AVAILABILITY = YES_AGGRESSIVE;
				CLANG_WARN_UNREACHABLE_CODE = YES;
				CLANG_WARN__DUPLICATE_METHOD_MATCH = YES;
				CODE_SIGN_IDENTITY = "iPhone Developer";
				COPY_PHASE_STRIP = NO;
				DEBUG_INFORMATION_FORMAT = "dwarf-with-dsym";
				ENABLE_NS_ASSERTIONS = NO;
				ENABLE_STRICT_OBJC_MSGSEND = YES;
				GCC_C_LANGUAGE_STANDARD = gnu11;
				GCC_NO_COMMON_BLOCKS = YES;
				GCC_WARN_64_TO_32_BIT_CONVERSION = YES;
				GCC_WARN_ABOUT_RETURN_TYPE = YES_ERROR;
				GCC_WARN_UNDECLARED_SELECTOR = YES;
				GCC_WARN_UNINITIALIZED_AUTOS = YES_AGGRESSIVE;
				GCC_WARN_UNUSED_FUNCTION = YES;
				GCC_WARN_UNUSED_VARIABLE = YES;
				IPHONEOS_DEPLOYMENT_TARGET = 12.4;
				MTL_ENABLE_DEBUG_INFO = NO;
				MTL_FAST_MATH = YES;
				SDKROOT = iphoneos;
				SWIFT_COMPILATION_MODE = wholemodule;
				SWIFT_OPTIMIZATION_LEVEL = "-O";
				VALIDATE_PRODUCT = YES;
			};
			name = Release;
		};
		BD980688231EA1C5003A2C86 /* Debug */ = {
			isa = XCBuildConfiguration;
			baseConfigurationReference = A42B647E49BF29125DB7D695 /* Pods-Shimmer.debug.xcconfig */;
			buildSettings = {
				ASSETCATALOG_COMPILER_APPICON_NAME = AppIcon;
				CODE_SIGN_STYLE = Automatic;
				DEVELOPMENT_TEAM = 576T8HK6X4;
				INFOPLIST_FILE = Shimmer/Info.plist;
				LD_RUNPATH_SEARCH_PATHS = (
					"$(inherited)",
					"@executable_path/Frameworks",
				);
				PRODUCT_BUNDLE_IDENTIFIER = com.hucet.Shimmer.Shimmer;
				PRODUCT_NAME = "$(TARGET_NAME)";
				SWIFT_VERSION = 5.0;
				TARGETED_DEVICE_FAMILY = "1,2";
			};
			name = Debug;
		};
		BD980689231EA1C5003A2C86 /* Release */ = {
			isa = XCBuildConfiguration;
			baseConfigurationReference = 4B0A66B9E74F7655BD4AE5C9 /* Pods-Shimmer.release.xcconfig */;
			buildSettings = {
				ASSETCATALOG_COMPILER_APPICON_NAME = AppIcon;
				CODE_SIGN_STYLE = Automatic;
				DEVELOPMENT_TEAM = 576T8HK6X4;
				INFOPLIST_FILE = Shimmer/Info.plist;
				LD_RUNPATH_SEARCH_PATHS = (
					"$(inherited)",
					"@executable_path/Frameworks",
				);
				PRODUCT_BUNDLE_IDENTIFIER = com.hucet.Shimmer.Shimmer;
				PRODUCT_NAME = "$(TARGET_NAME)";
				SWIFT_VERSION = 5.0;
				TARGETED_DEVICE_FAMILY = "1,2";
			};
			name = Release;
		};
/* End XCBuildConfiguration section */

/* Begin XCConfigurationList section */
		BD98066D231EA1C4003A2C86 /* Build configuration list for PBXProject "Shimmer" */ = {
			isa = XCConfigurationList;
			buildConfigurations = (
				BD980685231EA1C5003A2C86 /* Debug */,
				BD980686231EA1C5003A2C86 /* Release */,
			);
			defaultConfigurationIsVisible = 0;
			defaultConfigurationName = Release;
		};
		BD980687231EA1C5003A2C86 /* Build configuration list for PBXNativeTarget "Shimmer" */ = {
			isa = XCConfigurationList;
			buildConfigurations = (
				BD980688231EA1C5003A2C86 /* Debug */,
				BD980689231EA1C5003A2C86 /* Release */,
			);
			defaultConfigurationIsVisible = 0;
			defaultConfigurationName = Release;
		};
/* End XCConfigurationList section */

/* Begin XCVersionGroup section */
		BD98067C231EA1C4003A2C86 /* Shimmer.xcdatamodeld */ = {
			isa = XCVersionGroup;
			children = (
				BD98067D231EA1C4003A2C86 /* Shimmer.xcdatamodel */,
			);
			currentVersion = BD98067D231EA1C4003A2C86 /* Shimmer.xcdatamodel */;
			path = Shimmer.xcdatamodeld;
			sourceTree = "<group>";
			versionGroupType = wrapper.xcdatamodel;
		};
/* End XCVersionGroup section */
	};
	rootObject = BD98066A231EA1C4003A2C86 /* Project object */;
}
